
Microsoft Visual Studio Solution File, Format Version 12.00
# Visual Studio Version 17
VisualStudioVersion = 17.10.35027.167
MinimumVisualStudioVersion = 10.0.40219.1
Project("{8BC9CEB8-8B4A-11D0-8D11-00A0C91BC942}") = "Snakee", "Snakee\Snakee.vcxproj", "{808E2D78-4D69-4F7E-8081-2523059E2D2F}"
EndProject
Global
	GlobalSection(SolutionConfigurationPlatforms) = preSolution
		Debug|x64 = Debug|x64
		Debug|x86 = Debug|x86
		Release|x64 = Release|x64
		Release|x86 = Release|x86
	EndGlobalSection
	GlobalSection(ProjectConfigurationPlatforms) = postSolution
		{808E2D78-4D69-4F7E-8081-2523059E2D2F}.Debug|x64.ActiveCfg = Debug|x64
		{808E2D78-4D69-4F7E-8081-2523059E2D2F}.Debug|x64.Build.0 = Debug|x64
		{808E2D78-4D69-4F7E-8081-2523059E2D2F}.Debug|x86.ActiveCfg = Debug|Win32
		{808E2D78-4D69-4F7E-8081-2523059E2D2F}.Debug|x86.Build.0 = Debug|Win32
		{808E2D78-4D69-4F7E-8081-2523059E2D2F}.Release|x64.ActiveCfg = Release|x64
		{808E2D78-4D69-4F7E-8081-2523059E2D2F}.Release|x64.Build.0 = Release|x64
		{808E2D78-4D69-4F7E-8081-2523059E2D2F}.Release|x86.ActiveCfg = Release|Win32
		{808E2D78-4D69-4F7E-8081-2523059E2D2F}.Release|x86.Build.0 = Release|Win32
	EndGlobalSection
	GlobalSection(SolutionProperties) = preSolution
		HideSolutionNode = FALSE
	EndGlobalSection
	GlobalSection(ExtensibilityGlobals) = postSolution
		SolutionGuid = {ED5CAA92-B936-4C96-BF81-6DF8EA59B397}
	EndGlobalSection
EndGlobal
